
Microsoft Visual Studio Solution File, Format Version 12.00
# Visual Studio 15
VisualStudioVersion = 15.0.28307.102
MinimumVisualStudioVersion = 10.0.40219.1
Project("{FAE04EC0-301F-11D3-BF4B-00C04F79EFBC}") = "nlove_inclass09", "nlove_inclass09\nlove_inclass09.csproj", "{92F846F1-7FC4-487E-BCC6-84E2A99973EE}"
EndProject
Global
	GlobalSection(SolutionConfigurationPlatforms) = preSolution
		Debug|Any CPU = Debug|Any CPU
		Release|Any CPU = Release|Any CPU
	EndGlobalSection
	GlobalSection(ProjectConfigurationPlatforms) = postSolution
		{92F846F1-7FC4-487E-BCC6-84E2A99973EE}.Debug|Any CPU.ActiveCfg = Debug|Any CPU
		{92F846F1-7FC4-487E-BCC6-84E2A99973EE}.Debug|Any CPU.Build.0 = Debug|Any CPU
		{92F846F1-7FC4-487E-BCC6-84E2A99973EE}.Release|Any CPU.ActiveCfg = Release|Any CPU
		{92F846F1-7FC4-487E-BCC6-84E2A99973EE}.Release|Any CPU.Build.0 = Release|Any CPU
	EndGlobalSection
	GlobalSection(SolutionProperties) = preSolution
		HideSolutionNode = FALSE
	EndGlobalSection
	GlobalSection(ExtensibilityGlobals) = postSolution
		SolutionGuid = {2E98B11D-2969-48EE-A259-3E7C0D2FB4B1}
	EndGlobalSection
EndGlobal
